// !$*UTF8*$!
{
	archiveVersion = 1;
	classes = {
	};
	objectVersion = 50;
	objects = {

/* Begin PBXBuildFile section */
		FC5ABB9126E421CA002FDEDC /* AppDelegate.swift in Sources */ = {isa = PBXBuildFile; fileRef = FC5ABB9026E421CA002FDEDC /* AppDelegate.swift */; };
		FC5ABB9326E421CA002FDEDC /* SceneDelegate.swift in Sources */ = {isa = PBXBuildFile; fileRef = FC5ABB9226E421CA002FDEDC /* SceneDelegate.swift */; };
		FC5ABB9526E421CA002FDEDC /* ViewController.swift in Sources */ = {isa = PBXBuildFile; fileRef = FC5ABB9426E421CA002FDEDC /* ViewController.swift */; };
		FC5ABB9826E421CA002FDEDC /* Main.storyboard in Resources */ = {isa = PBXBuildFile; fileRef = FC5ABB9626E421CA002FDEDC /* Main.storyboard */; };
		FC5ABB9A26E421CB002FDEDC /* Assets.xcassets in Resources */ = {isa = PBXBuildFile; fileRef = FC5ABB9926E421CB002FDEDC /* Assets.xcassets */; };
		FC5ABB9D26E421CB002FDEDC /* LaunchScreen.storyboard in Resources */ = {isa = PBXBuildFile; fileRef = FC5ABB9B26E421CB002FDEDC /* LaunchScreen.storyboard */; };
		FC5ABBA526E4254F002FDEDC /* GreenViewController.swift in Sources */ = {isa = PBXBuildFile; fileRef = FC5ABBA426E4254F002FDEDC /* GreenViewController.swift */; };
/* End PBXBuildFile section */

/* Begin PBXFileReference section */
		FC5ABB8D26E421CA002FDEDC /* transitions.app */ = {isa = PBXFileReference; explicitFileType = wrapper.application; includeInIndex = 0; path = transitions.app; sourceTree = BUILT_PRODUCTS_DIR; };
		FC5ABB9026E421CA002FDEDC /* AppDelegate.swift */ = {isa = PBXFileReference; lastKnownFileType = sourcecode.swift; path = AppDelegate.swift; sourceTree = "<group>"; };
		FC5ABB9226E421CA002FDEDC /* SceneDelegate.swift */ = {isa = PBXFileReference; lastKnownFileType = sourcecode.swift; path = SceneDelegate.swift; sourceTree = "<group>"; };
		FC5ABB9426E421CA002FDEDC /* ViewController.swift */ = {isa = PBXFileReference; lastKnownFileType = sourcecode.swift; path = ViewController.swift; sourceTree = "<group>"; };
		FC5ABB9726E421CA002FDEDC /* Base */ = {isa = PBXFileReference; lastKnownFileType = file.storyboard; name = Base; path = Base.lproj/Main.storyboard; sourceTree = "<group>"; };
		FC5ABB9926E421CB002FDEDC /* Assets.xcassets */ = {isa = PBXFileReference; lastKnownFileType = folder.assetcatalog; path = Assets.xcassets; sourceTree = "<group>"; };
		FC5ABB9C26E421CB002FDEDC /* Base */ = {isa = PBXFileReference; lastKnownFileType = file.storyboard; name = Base; path = Base.lproj/LaunchScreen.storyboard; sourceTree = "<group>"; };
		FC5ABB9E26E421CB002FDEDC /* Info.plist */ = {isa = PBXFileReference; lastKnownFileType = text.plist.xml; path = Info.plist; sourceTree = "<group>"; };
		FC5ABBA426E4254F002FDEDC /* GreenViewController.swift */ = {isa = PBXFileReference; lastKnownFileType = sourcecode.swift; path = GreenViewController.swift; sourceTree = "<group>"; };
/* End PBXFileReference section */

/* Begin PBXFrameworksBuildPhase section */
		FC5ABB8A26E421CA002FDEDC /* Frameworks */ = {
			isa = PBXFrameworksBuildPhase;
			buildActionMask = 2147483647;
			files = (
			);
			runOnlyForDeploymentPostprocessing = 0;
		};
/* End PBXFrameworksBuildPhase section */

/* Begin PBXGroup section */
		FC5ABB8426E421CA002FDEDC = {
			isa = PBXGroup;
			children = (
				FC5ABB8F26E421CA002FDEDC /* transitions */,
				FC5ABB8E26E421CA002FDEDC /* Products */,
			);
			sourceTree = "<group>";
		};
		FC5ABB8E26E421CA002FDEDC /* Products */ = {
			isa = PBXGroup;
			children = (
				FC5ABB8D26E421CA002FDEDC /* transitions.app */,
			);
			name = Products;
			sourceTree = "<group>";
		};
		FC5ABB8F26E421CA002FDEDC /* transitions */ = {
			isa = PBXGroup;
			children = (
				FC5ABB9026E421CA002FDEDC /* AppDelegate.swift */,
				FC5ABB9226E421CA002FDEDC /* SceneDelegate.swift */,
				FC5ABB9426E421CA002FDEDC /* ViewController.swift */,
				FC5ABB9626E421CA002FDEDC /* Main.storyboard */,
				FC5ABB9926E421CB002FDEDC /* Assets.xcassets */,
				FC5ABB9B26E421CB002FDEDC /* LaunchScreen.storyboard */,
				FC5ABB9E26E421CB002FDEDC /* Info.plist */,
				FC5ABBA426E4254F002FDEDC /* GreenViewController.swift */,
			);
			path = transitions;
			sourceTree = "<group>";
		};
/* End PBXGroup section */

/* Begin PBXNativeTarget section */
		FC5ABB8C26E421CA002FDEDC /* transitions */ = {
			isa = PBXNativeTarget;
			buildConfigurationList = FC5ABBA126E421CB002FDEDC /* Build configuration list for PBXNativeTarget "transitions" */;
			buildPhases = (
				FC5ABB8926E421CA002FDEDC /* Sources */,
				FC5ABB8A26E421CA002FDEDC /* Frameworks */,
				FC5ABB8B26E421CA002FDEDC /* Resources */,
			);
			buildRules = (
			);
			dependencies = (
			);
			name = transitions;
			productName = transitions;
			productReference = FC5ABB8D26E421CA002FDEDC /* transitions.app */;
			productType = "com.apple.product-type.application";
		};
/* End PBXNativeTarget section */

/* Begin PBXProject section */
		FC5ABB8526E421CA002FDEDC /* Project object */ = {
			isa = PBXProject;
			attributes = {
				LastSwiftUpdateCheck = 1250;
				LastUpgradeCheck = 1250;
				TargetAttributes = {
					FC5ABB8C26E421CA002FDEDC = {
						CreatedOnToolsVersion = 12.5.1;
					};
				};
			};
			buildConfigurationList = FC5ABB8826E421CA002FDEDC /* Build configuration list for PBXProject "transitions" */;
			compatibilityVersion = "Xcode 9.3";
			developmentRegion = en;
			hasScannedForEncodings = 0;
			knownRegions = (
				en,
				Base,
			);
			mainGroup = FC5ABB8426E421CA002FDEDC;
			productRefGroup = FC5ABB8E26E421CA002FDEDC /* Products */;
			projectDirPath = "";
			projectRoot = "";
			targets = (
				FC5ABB8C26E421CA002FDEDC /* transitions */,
			);
		};
/* End PBXProject section */

/* Begin PBXResourcesBuildPhase section */
		FC5ABB8B26E421CA002FDEDC /* Resources */ = {
			isa = PBXResourcesBuildPhase;
			buildActionMask = 2147483647;
			files = (
				FC5ABB9D26E421CB002FDEDC /* LaunchScreen.storyboard in Resources */,
				FC5ABB9A26E421CB002FDEDC /* Assets.xcassets in Resources */,
				FC5ABB9826E421CA002FDEDC /* Main.storyboard in Resources */,
			);
			runOnlyForDeploymentPostprocessing = 0;
		};
/* End PBXResourcesBuildPhase section */

/* Begin PBXSourcesBuildPhase section */
		FC5ABB8926E421CA002FDEDC /* Sources */ = {
			isa = PBXSourcesBuildPhase;
			buildActionMask = 2147483647;
			files = (
				FC5ABBA526E4254F002FDEDC /* GreenViewController.swift in Sources */,
				FC5ABB9526E421CA002FDEDC /* ViewController.swift in Sources */,
				FC5ABB9126E421CA002FDEDC /* AppDelegate.swift in Sources */,
				FC5ABB9326E421CA002FDEDC /* SceneDelegate.swift in Sources */,
			);
			runOnlyForDeploymentPostprocessing = 0;
		};
/* End PBXSourcesBuildPhase section */

/* Begin PBXVariantGroup section */
		FC5ABB9626E421CA002FDEDC /* Main.storyboard */ = {
			isa = PBXVariantGroup;
			children = (
				FC5ABB9726E421CA002FDEDC /* Base */,
			);
			name = Main.storyboard;
			sourceTree = "<group>";
		};
		FC5ABB9B26E421CB002FDEDC /* LaunchScreen.storyboard */ = {
			isa = PBXVariantGroup;
			children = (
				FC5ABB9C26E421CB002FDEDC /* Base */,
			);
			name = LaunchScreen.storyboard;
			sourceTree = "<group>";
		};
/* End PBXVariantGroup section */

/* Begin XCBuildConfiguration section */
		FC5ABB9F26E421CB002FDEDC /* Debug */ = {
			isa = XCBuildConfiguration;
			buildSettings = {
				ALWAYS_SEARCH_USER_PATHS = NO;
				CLANG_ANALYZER_NONNULL = YES;
				CLANG_ANALYZER_NUMBER_OBJECT_CONVERSION = YES_AGGRESSIVE;
				CLANG_CXX_LANGUAGE_STANDARD = "gnu++14";
				CLANG_CXX_LIBRARY = "libc++";
				CLANG_ENABLE_MODULES = YES;
				CLANG_ENABLE_OBJC_ARC = YES;
				CLANG_ENABLE_OBJC_WEAK = YES;
				CLANG_WARN_BLOCK_CAPTURE_AUTORELEASING = YES;
				CLANG_WARN_BOOL_CONVERSION = YES;
				CLANG_WARN_COMMA = YES;
				CLANG_WARN_CONSTANT_CONVERSION = YES;
				CLANG_WARN_DEPRECATED_OBJC_IMPLEMENTATIONS = YES;
				CLANG_WARN_DIRECT_OBJC_ISA_USAGE = YES_ERROR;
				CLANG_WARN_DOCUMENTATION_COMMENTS = YES;
				CLANG_WARN_EMPTY_BODY = YES;
				CLANG_WARN_ENUM_CONVERSION = YES;
				CLANG_WARN_INFINITE_RECURSION = YES;
				CLANG_WARN_INT_CONVERSION = YES;
				CLANG_WARN_NON_LITERAL_NULL_CONVERSION = YES;
				CLANG_WARN_OBJC_IMPLICIT_RETAIN_SELF = YES;
				CLANG_WARN_OBJC_LITERAL_CONVERSION = YES;
				CLANG_WARN_OBJC_ROOT_CLASS = YES_ERROR;
				CLANG_WARN_QUOTED_INCLUDE_IN_FRAMEWORK_HEADER = YES;
				CLANG_WARN_RANGE_LOOP_ANALYSIS = YES;
				CLANG_WARN_STRICT_PROTOTYPES = YES;
				CLANG_WARN_SUSPICIOUS_MOVE = YES;
				CLANG_WARN_UNGUARDED_AVAILABILITY = YES_AGGRESSIVE;
				CLANG_WARN_UNREACHABLE_CODE = YES;
				CLANG_WARN__DUPLICATE_METHOD_MATCH = YES;
				COPY_PHASE_STRIP = NO;
				DEBUG_INFORMATION_FORMAT = dwarf;
				ENABLE_STRICT_OBJC_MSGSEND = YES;
				ENABLE_TESTABILITY = YES;
				GCC_C_LANGUAGE_STANDARD = gnu11;
				GCC_DYNAMIC_NO_PIC = NO;
				GCC_NO_COMMON_BLOCKS = YES;
				GCC_OPTIMIZATION_LEVEL = 0;
				GCC_PREPROCESSOR_DEFINITIONS = (
					"DEBUG=1",
					"$(inherited)",
				);
				GCC_WARN_64_TO_32_BIT_CONVERSION = YES;
				GCC_WARN_ABOUT_RETURN_TYPE = YES_ERROR;
				GCC_WARN_UNDECLARED_SELECTOR = YES;
				GCC_WARN_UNINITIALIZED_AUTOS = YES_AGGRESSIVE;
				GCC_WARN_UNUSED_FUNCTION = YES;
				GCC_WARN_UNUSED_VARIABLE = YES;
				IPHONEOS_DEPLOYMENT_TARGET = 14.5;
				MTL_ENABLE_DEBUG_INFO = INCLUDE_SOURCE;
				MTL_FAST_MATH = YES;
				ONLY_ACTIVE_ARCH = YES;
				SDKROOT = iphoneos;
				SWIFT_ACTIVE_COMPILATION_CONDITIONS = DEBUG;
				SWIFT_OPTIMIZATION_LEVEL = "-Onone";
			};
			name = Debug;
		};
		FC5ABBA026E421CB002FDEDC /* Release */ = {
			isa = XCBuildConfiguration;
			buildSettings = {
				ALWAYS_SEARCH_USER_PATHS = NO;
				CLANG_ANALYZER_NONNULL = YES;
				CLANG_ANALYZER_NUMBER_OBJECT_CONVERSION = YES_AGGRESSIVE;
				CLANG_CXX_LANGUAGE_STANDARD = "gnu++14";
				CLANG_CXX_LIBRARY = "libc++";
				CLANG_ENABLE_MODULES = YES;
				CLANG_ENABLE_OBJC_ARC = YES;
				CLANG_ENABLE_OBJC_WEAK = YES;
				CLANG_WARN_BLOCK_CAPTURE_AUTORELEASING = YES;
				CLANG_WARN_BOOL_CONVERSION = YES;
				CLANG_WARN_COMMA = YES;
				CLANG_WARN_CONSTANT_CONVERSION = YES;
				CLANG_WARN_DEPRECATED_OBJC_IMPLEMENTATIONS = YES;
				CLANG_WARN_DIRECT_OBJC_ISA_USAGE = YES_ERROR;
				CLANG_WARN_DOCUMENTATION_COMMENTS = YES;
				CLANG_WARN_EMPTY_BODY = YES;
				CLANG_WARN_ENUM_CONVERSION = YES;
				CLANG_WARN_INFINITE_RECURSION = YES;
				CLANG_WARN_INT_CONVERSION = YES;
				CLANG_WARN_NON_LITERAL_NULL_CONVERSION = YES;
				CLANG_WARN_OBJC_IMPLICIT_RETAIN_SELF = YES;
				CLANG_WARN_OBJC_LITERAL_CONVERSION = YES;
				CLANG_WARN_OBJC_ROOT_CLASS = YES_ERROR;
				CLANG_WARN_QUOTED_INCLUDE_IN_FRAMEWORK_HEADER = YES;
				CLANG_WARN_RANGE_LOOP_ANALYSIS = YES;
				CLANG_WARN_STRICT_PROTOTYPES = YES;
				CLANG_WARN_SUSPICIOUS_MOVE = YES;
				CLANG_WARN_UNGUARDED_AVAILABILITY = YES_AGGRESSIVE;
				CLANG_WARN_UNREACHABLE_CODE = YES;
				CLANG_WARN__DUPLICATE_METHOD_MATCH = YES;
				COPY_PHASE_STRIP = NO;
				DEBUG_INFORMATION_FORMAT = "dwarf-with-dsym";
				ENABLE_NS_ASSERTIONS = NO;
				ENABLE_STRICT_OBJC_MSGSEND = YES;
				GCC_C_LANGUAGE_STANDARD = gnu11;
				GCC_NO_COMMON_BLOCKS = YES;
				GCC_WARN_64_TO_32_BIT_CONVERSION = YES;
				GCC_WARN_ABOUT_RETURN_TYPE = YES_ERROR;
				GCC_WARN_UNDECLARED_SELECTOR = YES;
				GCC_WARN_UNINITIALIZED_AUTOS = YES_AGGRESSIVE;
				GCC_WARN_UNUSED_FUNCTION = YES;
				GCC_WARN_UNUSED_VARIABLE = YES;
				IPHONEOS_DEPLOYMENT_TARGET = 14.5;
				MTL_ENABLE_DEBUG_INFO = NO;
				MTL_FAST_MATH = YES;
				SDKROOT = iphoneos;
				SWIFT_COMPILATION_MODE = wholemodule;
				SWIFT_OPTIMIZATION_LEVEL = "-O";
				VALIDATE_PRODUCT = YES;
			};
			name = Release;
		};
		FC5ABBA226E421CB002FDEDC /* Debug */ = {
			isa = XCBuildConfiguration;
			buildSettings = {
				ASSETCATALOG_COMPILER_APPICON_NAME = AppIcon;
				ASSETCATALOG_COMPILER_GLOBAL_ACCENT_COLOR_NAME = AccentColor;
				CODE_SIGN_STYLE = Automatic;
				INFOPLIST_FILE = transitions/Info.plist;
				LD_RUNPATH_SEARCH_PATHS = (
					"$(inherited)",
					"@executable_path/Frameworks",
				);
				PRODUCT_BUNDLE_IDENTIFIER = com.cenfotec.mov02.04.transitions;
				PRODUCT_NAME = "$(TARGET_NAME)";
				SWIFT_VERSION = 5.0;
				TARGETED_DEVICE_FAMILY = "1,2";
			};
			name = Debug;
		};
		FC5ABBA326E421CB002FDEDC /* Release */ = {
			isa = XCBuildConfiguration;
			buildSettings = {
				ASSETCATALOG_COMPILER_APPICON_NAME = AppIcon;
				ASSETCATALOG_COMPILER_GLOBAL_ACCENT_COLOR_NAME = AccentColor;
				CODE_SIGN_STYLE = Automatic;
				INFOPLIST_FILE = transitions/Info.plist;
				LD_RUNPATH_SEARCH_PATHS = (
					"$(inherited)",
					"@executable_path/Frameworks",
				);
				PRODUCT_BUNDLE_IDENTIFIER = com.cenfotec.mov02.04.transitions;
				PRODUCT_NAME = "$(TARGET_NAME)";
				SWIFT_VERSION = 5.0;
				TARGETED_DEVICE_FAMILY = "1,2";
			};
			name = Release;
		};
/* End XCBuildConfiguration section */

/* Begin XCConfigurationList section */
		FC5ABB8826E421CA002FDEDC /* Build configuration list for PBXProject "transitions" */ = {
			isa = XCConfigurationList;
			buildConfigurations = (
				FC5ABB9F26E421CB002FDEDC /* Debug */,
				FC5ABBA026E421CB002FDEDC /* Release */,
			);
			defaultConfigurationIsVisible = 0;
			defaultConfigurationName = Release;
		};
		FC5ABBA126E421CB002FDEDC /* Build configuration list for PBXNativeTarget "transitions" */ = {
			isa = XCConfigurationList;
			buildConfigurations = (
				FC5ABBA226E421CB002FDEDC /* Debug */,
				FC5ABBA326E421CB002FDEDC /* Release */,
			);
			defaultConfigurationIsVisible = 0;
			defaultConfigurationName = Release;
		};
/* End XCConfigurationList section */
	};
	rootObject = FC5ABB8526E421CA002FDEDC /* Project object */;
}
